// !$*UTF8*$!
{
	archiveVersion = 1;
	classes = {
	};
	objectVersion = 51;
	objects = {

/* Begin PBXBuildFile section */
		81289DA827DE700500758827 /* ProfileViewController.swift in Sources */ = {isa = PBXBuildFile; fileRef = 81289DA727DE700500758827 /* ProfileViewController.swift */; };
		81289DAC27DE757B00758827 /* QuizQuestionsDataModel.swift in Sources */ = {isa = PBXBuildFile; fileRef = 81289DAB27DE757B00758827 /* QuizQuestionsDataModel.swift */; };
		81289DAE27DE78E100758827 /* quizDataLoader.swift in Sources */ = {isa = PBXBuildFile; fileRef = 81289DAD27DE78E100758827 /* quizDataLoader.swift */; };
		8135E14D27E2849000CDB26A /* EducateTopicSelectionTableViewController.swift in Sources */ = {isa = PBXBuildFile; fileRef = 8135E14C27E2849000CDB26A /* EducateTopicSelectionTableViewController.swift */; };
		8143DF9527FD07A600C4A290 /* flashCard.swift in Sources */ = {isa = PBXBuildFile; fileRef = 8143DF9427FD07A600C4A290 /* flashCard.swift */; };
		81670EDC27E011E70070DD21 /* data.json in Resources */ = {isa = PBXBuildFile; fileRef = 81670EDB27E0068B0070DD21 /* data.json */; };
		818A7F8827BEEF1D001B538D /* AppDelegate.swift in Sources */ = {isa = PBXBuildFile; fileRef = 818A7F8727BEEF1D001B538D /* AppDelegate.swift */; };
		818A7F8A27BEEF1D001B538D /* SceneDelegate.swift in Sources */ = {isa = PBXBuildFile; fileRef = 818A7F8927BEEF1D001B538D /* SceneDelegate.swift */; };
		818A7F8F27BEEF1D001B538D /* Main.storyboard in Resources */ = {isa = PBXBuildFile; fileRef = 818A7F8D27BEEF1D001B538D /* Main.storyboard */; };
		818A7F9127BEEF1E001B538D /* Assets.xcassets in Resources */ = {isa = PBXBuildFile; fileRef = 818A7F9027BEEF1E001B538D /* Assets.xcassets */; };
		818A7F9427BEEF1E001B538D /* LaunchScreen.storyboard in Resources */ = {isa = PBXBuildFile; fileRef = 818A7F9227BEEF1E001B538D /* LaunchScreen.storyboard */; };
		818A7F9C27BEF03D001B538D /* UITabBarViewController.swift in Sources */ = {isa = PBXBuildFile; fileRef = 818A7F9B27BEF03D001B538D /* UITabBarViewController.swift */; };
		818A7F9E27BEF0A4001B538D /* StateDataViewController.swift in Sources */ = {isa = PBXBuildFile; fileRef = 818A7F9D27BEF0A4001B538D /* StateDataViewController.swift */; };
		818A7FA027BEF136001B538D /* EducateViewController.swift in Sources */ = {isa = PBXBuildFile; fileRef = 818A7F9F27BEF136001B538D /* EducateViewController.swift */; };
		81C79AA427F6660E002775E1 /* mapView.swift in Sources */ = {isa = PBXBuildFile; fileRef = 81C79AA327F6660E002775E1 /* mapView.swift */; };
		A86BF1415D16CD353B1A330D /* Pods_Final_Proj.framework in Frameworks */ = {isa = PBXBuildFile; fileRef = CE7A7B83D06C6AF001EACB73 /* Pods_Final_Proj.framework */; };
/* End PBXBuildFile section */

/* Begin PBXFileReference section */
		81289DA727DE700500758827 /* ProfileViewController.swift */ = {isa = PBXFileReference; lastKnownFileType = sourcecode.swift; path = ProfileViewController.swift; sourceTree = "<group>"; };
		81289DAB27DE757B00758827 /* QuizQuestionsDataModel.swift */ = {isa = PBXFileReference; lastKnownFileType = sourcecode.swift; path = QuizQuestionsDataModel.swift; sourceTree = "<group>"; };
		81289DAD27DE78E100758827 /* quizDataLoader.swift */ = {isa = PBXFileReference; lastKnownFileType = sourcecode.swift; path = quizDataLoader.swift; sourceTree = "<group>"; };
		8135E14C27E2849000CDB26A /* EducateTopicSelectionTableViewController.swift */ = {isa = PBXFileReference; lastKnownFileType = sourcecode.swift; path = EducateTopicSelectionTableViewController.swift; sourceTree = "<group>"; };
		8143DF9427FD07A600C4A290 /* flashCard.swift */ = {isa = PBXFileReference; lastKnownFileType = sourcecode.swift; path = flashCard.swift; sourceTree = "<group>"; };
		81670EDB27E0068B0070DD21 /* data.json */ = {isa = PBXFileReference; lastKnownFileType = text.json; path = data.json; sourceTree = "<group>"; xcLanguageSpecificationIdentifier = xcode.lang.json; };
		818A7F8427BEEF1D001B538D /* Final-Proj.app */ = {isa = PBXFileReference; explicitFileType = wrapper.application; includeInIndex = 0; path = "Final-Proj.app"; sourceTree = BUILT_PRODUCTS_DIR; };
		818A7F8727BEEF1D001B538D /* AppDelegate.swift */ = {isa = PBXFileReference; lastKnownFileType = sourcecode.swift; path = AppDelegate.swift; sourceTree = "<group>"; };
		818A7F8927BEEF1D001B538D /* SceneDelegate.swift */ = {isa = PBXFileReference; lastKnownFileType = sourcecode.swift; path = SceneDelegate.swift; sourceTree = "<group>"; };
		818A7F8E27BEEF1D001B538D /* Base */ = {isa = PBXFileReference; lastKnownFileType = file.storyboard; name = Base; path = Base.lproj/Main.storyboard; sourceTree = "<group>"; };
		818A7F9027BEEF1E001B538D /* Assets.xcassets */ = {isa = PBXFileReference; lastKnownFileType = folder.assetcatalog; path = Assets.xcassets; sourceTree = "<group>"; };
		818A7F9327BEEF1E001B538D /* Base */ = {isa = PBXFileReference; lastKnownFileType = file.storyboard; name = Base; path = Base.lproj/LaunchScreen.storyboard; sourceTree = "<group>"; };
		818A7F9527BEEF1E001B538D /* Info.plist */ = {isa = PBXFileReference; lastKnownFileType = text.plist.xml; path = Info.plist; sourceTree = "<group>"; };
		818A7F9B27BEF03D001B538D /* UITabBarViewController.swift */ = {isa = PBXFileReference; lastKnownFileType = sourcecode.swift; path = UITabBarViewController.swift; sourceTree = "<group>"; };
		818A7F9D27BEF0A4001B538D /* StateDataViewController.swift */ = {isa = PBXFileReference; lastKnownFileType = sourcecode.swift; path = StateDataViewController.swift; sourceTree = "<group>"; };
		818A7F9F27BEF136001B538D /* EducateViewController.swift */ = {isa = PBXFileReference; lastKnownFileType = sourcecode.swift; path = EducateViewController.swift; sourceTree = "<group>"; };
		81C79AA327F6660E002775E1 /* mapView.swift */ = {isa = PBXFileReference; lastKnownFileType = sourcecode.swift; path = mapView.swift; sourceTree = "<group>"; };
		8DBC816932D03F15B3A76EEF /* Pods-Final-Proj.release.xcconfig */ = {isa = PBXFileReference; includeInIndex = 1; lastKnownFileType = text.xcconfig; name = "Pods-Final-Proj.release.xcconfig"; path = "Target Support Files/Pods-Final-Proj/Pods-Final-Proj.release.xcconfig"; sourceTree = "<group>"; };
		9AD400B42E58620CAEBB5128 /* Pods-Final-Proj.debug.xcconfig */ = {isa = PBXFileReference; includeInIndex = 1; lastKnownFileType = text.xcconfig; name = "Pods-Final-Proj.debug.xcconfig"; path = "Target Support Files/Pods-Final-Proj/Pods-Final-Proj.debug.xcconfig"; sourceTree = "<group>"; };
		CE7A7B83D06C6AF001EACB73 /* Pods_Final_Proj.framework */ = {isa = PBXFileReference; explicitFileType = wrapper.framework; includeInIndex = 0; path = Pods_Final_Proj.framework; sourceTree = BUILT_PRODUCTS_DIR; };
/* End PBXFileReference section */

/* Begin PBXFrameworksBuildPhase section */
		818A7F8127BEEF1D001B538D /* Frameworks */ = {
			isa = PBXFrameworksBuildPhase;
			buildActionMask = 2147483647;
			files = (
				A86BF1415D16CD353B1A330D /* Pods_Final_Proj.framework in Frameworks */,
			);
			runOnlyForDeploymentPostprocessing = 0;
		};
/* End PBXFrameworksBuildPhase section */

/* Begin PBXGroup section */
		3594464667FC70FCEE02C1A7 /* Frameworks */ = {
			isa = PBXGroup;
			children = (
				CE7A7B83D06C6AF001EACB73 /* Pods_Final_Proj.framework */,
			);
			name = Frameworks;
			sourceTree = "<group>";
		};
		818A7F7B27BEEF1D001B538D = {
			isa = PBXGroup;
			children = (
				818A7F8627BEEF1D001B538D /* Final-Proj */,
				818A7F8527BEEF1D001B538D /* Products */,
				D7C25C50E9B927A4612BB440 /* Pods */,
				3594464667FC70FCEE02C1A7 /* Frameworks */,
			);
			sourceTree = "<group>";
		};
		818A7F8527BEEF1D001B538D /* Products */ = {
			isa = PBXGroup;
			children = (
				818A7F8427BEEF1D001B538D /* Final-Proj.app */,
			);
			name = Products;
			sourceTree = "<group>";
		};
		818A7F8627BEEF1D001B538D /* Final-Proj */ = {
			isa = PBXGroup;
			children = (
				818A7F8727BEEF1D001B538D /* AppDelegate.swift */,
				818A7F8927BEEF1D001B538D /* SceneDelegate.swift */,
				818A7F8D27BEEF1D001B538D /* Main.storyboard */,
				81C79AA327F6660E002775E1 /* mapView.swift */,
				8135E14C27E2849000CDB26A /* EducateTopicSelectionTableViewController.swift */,
				81289DAB27DE757B00758827 /* QuizQuestionsDataModel.swift */,
				81289DA727DE700500758827 /* ProfileViewController.swift */,
				818A7F9F27BEF136001B538D /* EducateViewController.swift */,
				8143DF9427FD07A600C4A290 /* flashCard.swift */,
				818A7F9D27BEF0A4001B538D /* StateDataViewController.swift */,
				81289DAD27DE78E100758827 /* quizDataLoader.swift */,
				81670EDB27E0068B0070DD21 /* data.json */,
				818A7F9B27BEF03D001B538D /* UITabBarViewController.swift */,
				818A7F9027BEEF1E001B538D /* Assets.xcassets */,
				818A7F9227BEEF1E001B538D /* LaunchScreen.storyboard */,
				818A7F9527BEEF1E001B538D /* Info.plist */,
			);
			path = "Final-Proj";
			sourceTree = "<group>";
		};
		D7C25C50E9B927A4612BB440 /* Pods */ = {
			isa = PBXGroup;
			children = (
				9AD400B42E58620CAEBB5128 /* Pods-Final-Proj.debug.xcconfig */,
				8DBC816932D03F15B3A76EEF /* Pods-Final-Proj.release.xcconfig */,
			);
			path = Pods;
			sourceTree = "<group>";
		};
/* End PBXGroup section */

/* Begin PBXNativeTarget section */
		818A7F8327BEEF1D001B538D /* Final-Proj */ = {
			isa = PBXNativeTarget;
			buildConfigurationList = 818A7F9827BEEF1E001B538D /* Build configuration list for PBXNativeTarget "Final-Proj" */;
			buildPhases = (
				C2D1CE180DFB42A22DBD72C4 /* [CP] Check Pods Manifest.lock */,
				818A7F8027BEEF1D001B538D /* Sources */,
				818A7F8127BEEF1D001B538D /* Frameworks */,
				818A7F8227BEEF1D001B538D /* Resources */,
				B004377A6C91B17CF36892AF /* [CP] Embed Pods Frameworks */,
			);
			buildRules = (
			);
			dependencies = (
			);
			name = "Final-Proj";
			productName = "Final-Proj";
			productReference = 818A7F8427BEEF1D001B538D /* Final-Proj.app */;
			productType = "com.apple.product-type.application";
		};
/* End PBXNativeTarget section */

/* Begin PBXProject section */
		818A7F7C27BEEF1D001B538D /* Project object */ = {
			isa = PBXProject;
			attributes = {
				LastSwiftUpdateCheck = 1250;
				LastUpgradeCheck = 1250;
				TargetAttributes = {
					818A7F8327BEEF1D001B538D = {
						CreatedOnToolsVersion = 12.5.1;
					};
				};
			};
			buildConfigurationList = 818A7F7F27BEEF1D001B538D /* Build configuration list for PBXProject "Final-Proj" */;
			compatibilityVersion = "Xcode 9.3";
			developmentRegion = en;
			hasScannedForEncodings = 0;
			knownRegions = (
				en,
				Base,
			);
			mainGroup = 818A7F7B27BEEF1D001B538D;
			productRefGroup = 818A7F8527BEEF1D001B538D /* Products */;
			projectDirPath = "";
			projectRoot = "";
			targets = (
				818A7F8327BEEF1D001B538D /* Final-Proj */,
			);
		};
/* End PBXProject section */

/* Begin PBXResourcesBuildPhase section */
		818A7F8227BEEF1D001B538D /* Resources */ = {
			isa = PBXResourcesBuildPhase;
			buildActionMask = 2147483647;
			files = (
				818A7F9427BEEF1E001B538D /* LaunchScreen.storyboard in Resources */,
				818A7F9127BEEF1E001B538D /* Assets.xcassets in Resources */,
				818A7F8F27BEEF1D001B538D /* Main.storyboard in Resources */,
				81670EDC27E011E70070DD21 /* data.json in Resources */,
			);
			runOnlyForDeploymentPostprocessing = 0;
		};
/* End PBXResourcesBuildPhase section */

/* Begin PBXShellScriptBuildPhase section */
		B004377A6C91B17CF36892AF /* [CP] Embed Pods Frameworks */ = {
			isa = PBXShellScriptBuildPhase;
			buildActionMask = 2147483647;
			files = (
			);
			inputFileListPaths = (
				"${PODS_ROOT}/Target Support Files/Pods-Final-Proj/Pods-Final-Proj-frameworks-${CONFIGURATION}-input-files.xcfilelist",
			);
			name = "[CP] Embed Pods Frameworks";
			outputFileListPaths = (
				"${PODS_ROOT}/Target Support Files/Pods-Final-Proj/Pods-Final-Proj-frameworks-${CONFIGURATION}-output-files.xcfilelist",
			);
			runOnlyForDeploymentPostprocessing = 0;
			shellPath = /bin/sh;
			shellScript = "\"${PODS_ROOT}/Target Support Files/Pods-Final-Proj/Pods-Final-Proj-frameworks.sh\"\n";
			showEnvVarsInLog = 0;
		};
		C2D1CE180DFB42A22DBD72C4 /* [CP] Check Pods Manifest.lock */ = {
			isa = PBXShellScriptBuildPhase;
			buildActionMask = 2147483647;
			files = (
			);
			inputFileListPaths = (
			);
			inputPaths = (
				"${PODS_PODFILE_DIR_PATH}/Podfile.lock",
				"${PODS_ROOT}/Manifest.lock",
			);
			name = "[CP] Check Pods Manifest.lock";
			outputFileListPaths = (
			);
			outputPaths = (
				"$(DERIVED_FILE_DIR)/Pods-Final-Proj-checkManifestLockResult.txt",
			);
			runOnlyForDeploymentPostprocessing = 0;
			shellPath = /bin/sh;
			shellScript = "diff \"${PODS_PODFILE_DIR_PATH}/Podfile.lock\" \"${PODS_ROOT}/Manifest.lock\" > /dev/null\nif [ $? != 0 ] ; then\n    # print error to STDERR\n    echo \"error: The sandbox is not in sync with the Podfile.lock. Run 'pod install' or update your CocoaPods installation.\" >&2\n    exit 1\nfi\n# This output is used by Xcode 'outputs' to avoid re-running this script phase.\necho \"SUCCESS\" > \"${SCRIPT_OUTPUT_FILE_0}\"\n";
			showEnvVarsInLog = 0;
		};
/* End PBXShellScriptBuildPhase section */

/* Begin PBXSourcesBuildPhase section */
		818A7F8027BEEF1D001B538D /* Sources */ = {
			isa = PBXSourcesBuildPhase;
			buildActionMask = 2147483647;
			files = (
				81C79AA427F6660E002775E1 /* mapView.swift in Sources */,
				81289DAC27DE757B00758827 /* QuizQuestionsDataModel.swift in Sources */,
				81289DAE27DE78E100758827 /* quizDataLoader.swift in Sources */,
				81289DA827DE700500758827 /* ProfileViewController.swift in Sources */,
				818A7F9C27BEF03D001B538D /* UITabBarViewController.swift in Sources */,
				818A7F8827BEEF1D001B538D /* AppDelegate.swift in Sources */,
				818A7F9E27BEF0A4001B538D /* StateDataViewController.swift in Sources */,
				818A7F8A27BEEF1D001B538D /* SceneDelegate.swift in Sources */,
				8135E14D27E2849000CDB26A /* EducateTopicSelectionTableViewController.swift in Sources */,
				8143DF9527FD07A600C4A290 /* flashCard.swift in Sources */,
				818A7FA027BEF136001B538D /* EducateViewController.swift in Sources */,
			);
			runOnlyForDeploymentPostprocessing = 0;
		};
/* End PBXSourcesBuildPhase section */

/* Begin PBXVariantGroup section */
		818A7F8D27BEEF1D001B538D /* Main.storyboard */ = {
			isa = PBXVariantGroup;
			children = (
				818A7F8E27BEEF1D001B538D /* Base */,
			);
			name = Main.storyboard;
			sourceTree = "<group>";
		};
		818A7F9227BEEF1E001B538D /* LaunchScreen.storyboard */ = {
			isa = PBXVariantGroup;
			children = (
				818A7F9327BEEF1E001B538D /* Base */,
			);
			name = LaunchScreen.storyboard;
			sourceTree = "<group>";
		};
/* End PBXVariantGroup section */

/* Begin XCBuildConfiguration section */
		818A7F9627BEEF1E001B538D /* Debug */ = {
			isa = XCBuildConfiguration;
			buildSettings = {
				ALWAYS_SEARCH_USER_PATHS = NO;
				CLANG_ANALYZER_NONNULL = YES;
				CLANG_ANALYZER_NUMBER_OBJECT_CONVERSION = YES_AGGRESSIVE;
				CLANG_CXX_LANGUAGE_STANDARD = "gnu++14";
				CLANG_CXX_LIBRARY = "libc++";
				CLANG_ENABLE_MODULES = YES;
				CLANG_ENABLE_OBJC_ARC = YES;
				CLANG_ENABLE_OBJC_WEAK = YES;
				CLANG_WARN_BLOCK_CAPTURE_AUTORELEASING = YES;
				CLANG_WARN_BOOL_CONVERSION = YES;
				CLANG_WARN_COMMA = YES;
				CLANG_WARN_CONSTANT_CONVERSION = YES;
				CLANG_WARN_DEPRECATED_OBJC_IMPLEMENTATIONS = YES;
				CLANG_WARN_DIRECT_OBJC_ISA_USAGE = YES_ERROR;
				CLANG_WARN_DOCUMENTATION_COMMENTS = YES;
				CLANG_WARN_EMPTY_BODY = YES;
				CLANG_WARN_ENUM_CONVERSION = YES;
				CLANG_WARN_INFINITE_RECURSION = YES;
				CLANG_WARN_INT_CONVERSION = YES;
				CLANG_WARN_NON_LITERAL_NULL_CONVERSION = YES;
				CLANG_WARN_OBJC_IMPLICIT_RETAIN_SELF = YES;
				CLANG_WARN_OBJC_LITERAL_CONVERSION = YES;
				CLANG_WARN_OBJC_ROOT_CLASS = YES_ERROR;
				CLANG_WARN_QUOTED_INCLUDE_IN_FRAMEWORK_HEADER = YES;
				CLANG_WARN_RANGE_LOOP_ANALYSIS = YES;
				CLANG_WARN_STRICT_PROTOTYPES = YES;
				CLANG_WARN_SUSPICIOUS_MOVE = YES;
				CLANG_WARN_UNGUARDED_AVAILABILITY = YES_AGGRESSIVE;
				CLANG_WARN_UNREACHABLE_CODE = YES;
				CLANG_WARN__DUPLICATE_METHOD_MATCH = YES;
				COPY_PHASE_STRIP = NO;
				DEBUG_INFORMATION_FORMAT = dwarf;
				ENABLE_STRICT_OBJC_MSGSEND = YES;
				ENABLE_TESTABILITY = YES;
				GCC_C_LANGUAGE_STANDARD = gnu11;
				GCC_DYNAMIC_NO_PIC = NO;
				GCC_NO_COMMON_BLOCKS = YES;
				GCC_OPTIMIZATION_LEVEL = 0;
				GCC_PREPROCESSOR_DEFINITIONS = (
					"DEBUG=1",
					"$(inherited)",
				);
				GCC_WARN_64_TO_32_BIT_CONVERSION = YES;
				GCC_WARN_ABOUT_RETURN_TYPE = YES_ERROR;
				GCC_WARN_UNDECLARED_SELECTOR = YES;
				GCC_WARN_UNINITIALIZED_AUTOS = YES_AGGRESSIVE;
				GCC_WARN_UNUSED_FUNCTION = YES;
				GCC_WARN_UNUSED_VARIABLE = YES;
				IPHONEOS_DEPLOYMENT_TARGET = 14.5;
				MTL_ENABLE_DEBUG_INFO = INCLUDE_SOURCE;
				MTL_FAST_MATH = YES;
				ONLY_ACTIVE_ARCH = YES;
				SDKROOT = iphoneos;
				SWIFT_ACTIVE_COMPILATION_CONDITIONS = DEBUG;
				SWIFT_OPTIMIZATION_LEVEL = "-Onone";
			};
			name = Debug;
		};
		818A7F9727BEEF1E001B538D /* Release */ = {
			isa = XCBuildConfiguration;
			buildSettings = {
				ALWAYS_SEARCH_USER_PATHS = NO;
				CLANG_ANALYZER_NONNULL = YES;
				CLANG_ANALYZER_NUMBER_OBJECT_CONVERSION = YES_AGGRESSIVE;
				CLANG_CXX_LANGUAGE_STANDARD = "gnu++14";
				CLANG_CXX_LIBRARY = "libc++";
				CLANG_ENABLE_MODULES = YES;
				CLANG_ENABLE_OBJC_ARC = YES;
				CLANG_ENABLE_OBJC_WEAK = YES;
				CLANG_WARN_BLOCK_CAPTURE_AUTORELEASING = YES;
				CLANG_WARN_BOOL_CONVERSION = YES;
				CLANG_WARN_COMMA = YES;
				CLANG_WARN_CONSTANT_CONVERSION = YES;
				CLANG_WARN_DEPRECATED_OBJC_IMPLEMENTATIONS = YES;
				CLANG_WARN_DIRECT_OBJC_ISA_USAGE = YES_ERROR;
				CLANG_WARN_DOCUMENTATION_COMMENTS = YES;
				CLANG_WARN_EMPTY_BODY = YES;
				CLANG_WARN_ENUM_CONVERSION = YES;
				CLANG_WARN_INFINITE_RECURSION = YES;
				CLANG_WARN_INT_CONVERSION = YES;
				CLANG_WARN_NON_LITERAL_NULL_CONVERSION = YES;
				CLANG_WARN_OBJC_IMPLICIT_RETAIN_SELF = YES;
				CLANG_WARN_OBJC_LITERAL_CONVERSION = YES;
				CLANG_WARN_OBJC_ROOT_CLASS = YES_ERROR;
				CLANG_WARN_QUOTED_INCLUDE_IN_FRAMEWORK_HEADER = YES;
				CLANG_WARN_RANGE_LOOP_ANALYSIS = YES;
				CLANG_WARN_STRICT_PROTOTYPES = YES;
				CLANG_WARN_SUSPICIOUS_MOVE = YES;
				CLANG_WARN_UNGUARDED_AVAILABILITY = YES_AGGRESSIVE;
				CLANG_WARN_UNREACHABLE_CODE = YES;
				CLANG_WARN__DUPLICATE_METHOD_MATCH = YES;
				COPY_PHASE_STRIP = NO;
				DEBUG_INFORMATION_FORMAT = "dwarf-with-dsym";
				ENABLE_NS_ASSERTIONS = NO;
				ENABLE_STRICT_OBJC_MSGSEND = YES;
				GCC_C_LANGUAGE_STANDARD = gnu11;
				GCC_NO_COMMON_BLOCKS = YES;
				GCC_WARN_64_TO_32_BIT_CONVERSION = YES;
				GCC_WARN_ABOUT_RETURN_TYPE = YES_ERROR;
				GCC_WARN_UNDECLARED_SELECTOR = YES;
				GCC_WARN_UNINITIALIZED_AUTOS = YES_AGGRESSIVE;
				GCC_WARN_UNUSED_FUNCTION = YES;
				GCC_WARN_UNUSED_VARIABLE = YES;
				IPHONEOS_DEPLOYMENT_TARGET = 14.5;
				MTL_ENABLE_DEBUG_INFO = NO;
				MTL_FAST_MATH = YES;
				SDKROOT = iphoneos;
				SWIFT_COMPILATION_MODE = wholemodule;
				SWIFT_OPTIMIZATION_LEVEL = "-O";
				VALIDATE_PRODUCT = YES;
			};
			name = Release;
		};
		818A7F9927BEEF1E001B538D /* Debug */ = {
			isa = XCBuildConfiguration;
			baseConfigurationReference = 9AD400B42E58620CAEBB5128 /* Pods-Final-Proj.debug.xcconfig */;
			buildSettings = {
				ASSETCATALOG_COMPILER_APPICON_NAME = AppIcon;
				ASSETCATALOG_COMPILER_GLOBAL_ACCENT_COLOR_NAME = AccentColor;
				CODE_SIGN_STYLE = Automatic;
				DEVELOPMENT_TEAM = VTQMJA32Y3;
				INFOPLIST_FILE = "Final-Proj/Info.plist";
				IPHONEOS_DEPLOYMENT_TARGET = 14.5;
				LD_RUNPATH_SEARCH_PATHS = (
					"$(inherited)",
					"@executable_path/Frameworks",
				);
				PRODUCT_BUNDLE_IDENTIFIER = "adv-mobile.Final-Proj";
				PRODUCT_NAME = "$(TARGET_NAME)";
				SWIFT_VERSION = 5.0;
				TARGETED_DEVICE_FAMILY = "1,2";
			};
			name = Debug;
		};
		818A7F9A27BEEF1E001B538D /* Release */ = {
			isa = XCBuildConfiguration;
			baseConfigurationReference = 8DBC816932D03F15B3A76EEF /* Pods-Final-Proj.release.xcconfig */;
			buildSettings = {
				ASSETCATALOG_COMPILER_APPICON_NAME = AppIcon;
				ASSETCATALOG_COMPILER_GLOBAL_ACCENT_COLOR_NAME = AccentColor;
				CODE_SIGN_STYLE = Automatic;
				DEVELOPMENT_TEAM = VTQMJA32Y3;
				INFOPLIST_FILE = "Final-Proj/Info.plist";
				IPHONEOS_DEPLOYMENT_TARGET = 14.5;
				LD_RUNPATH_SEARCH_PATHS = (
					"$(inherited)",
					"@executable_path/Frameworks",
				);
				PRODUCT_BUNDLE_IDENTIFIER = "adv-mobile.Final-Proj";
				PRODUCT_NAME = "$(TARGET_NAME)";
				SWIFT_VERSION = 5.0;
				TARGETED_DEVICE_FAMILY = "1,2";
			};
			name = Release;
		};
/* End XCBuildConfiguration section */

/* Begin XCConfigurationList section */
		818A7F7F27BEEF1D001B538D /* Build configuration list for PBXProject "Final-Proj" */ = {
			isa = XCConfigurationList;
			buildConfigurations = (
				818A7F9627BEEF1E001B538D /* Debug */,
				818A7F9727BEEF1E001B538D /* Release */,
			);
			defaultConfigurationIsVisible = 0;
			defaultConfigurationName = Release;
		};
		818A7F9827BEEF1E001B538D /* Build configuration list for PBXNativeTarget "Final-Proj" */ = {
			isa = XCConfigurationList;
			buildConfigurations = (
				818A7F9927BEEF1E001B538D /* Debug */,
				818A7F9A27BEEF1E001B538D /* Release */,
			);
			defaultConfigurationIsVisible = 0;
			defaultConfigurationName = Release;
		};
/* End XCConfigurationList section */
	};
	rootObject = 818A7F7C27BEEF1D001B538D /* Project object */;
}
